
Microsoft Visual Studio Solution File, Format Version 12.00
# Visual Studio Version 17
VisualStudioVersion = 17.7.34009.444
MinimumVisualStudioVersion = 10.0.40219.1
Project("{FAE04EC0-301F-11D3-BF4B-00C04F79EFBC}") = "WindowsFormsApp1", "WindowsFormsApp1\WindowsFormsApp1.csproj", "{EE9B8693-C531-4B6C-9253-111A87D817AB}"
EndProject
Global
	GlobalSection(SolutionConfigurationPlatforms) = preSolution
		Debug|Any CPU = Debug|Any CPU
		Release|Any CPU = Release|Any CPU
	EndGlobalSection
	GlobalSection(ProjectConfigurationPlatforms) = postSolution
		{EE9B8693-C531-4B6C-9253-111A87D817AB}.Debug|Any CPU.ActiveCfg = Debug|Any CPU
		{EE9B8693-C531-4B6C-9253-111A87D817AB}.Debug|Any CPU.Build.0 = Debug|Any CPU
		{EE9B8693-C531-4B6C-9253-111A87D817AB}.Release|Any CPU.ActiveCfg = Release|Any CPU
		{EE9B8693-C531-4B6C-9253-111A87D817AB}.Release|Any CPU.Build.0 = Release|Any CPU
	EndGlobalSection
	GlobalSection(SolutionProperties) = preSolution
		HideSolutionNode = FALSE
	EndGlobalSection
	GlobalSection(ExtensibilityGlobals) = postSolution
		SolutionGuid = {F5502859-9D56-4715-8A0D-8C5A04696A52}
	EndGlobalSection
EndGlobal
